<?xml version="1.0" encoding="utf-8"?>
<Project ToolsVersion="4.0" xmlns="http://schemas.microsoft.com/developer/msbuild/2003">
  <ItemGroup>
    <Filter Include="File di origine">
      <UniqueIdentifier>{4FC737F1-C7A5-4376-A066-2A32D752A2FF}</UniqueIdentifier>
      <Extensions>cpp;c;cc;cxx;c++;cppm;ixx;def;odl;idl;hpj;bat;asm;asmx</Extensions>
    </Filter>
    <Filter Include="File di intestazione">
      <UniqueIdentifier>{93995380-89BD-4b04-88EB-625FBE52EBFB}</UniqueIdentifier>
      <Extensions>h;hh;hpp;hxx;h++;hm;inl;inc;ipp;xsd</Extensions>
    </Filter>
    <Filter Include="File di risorse">
      <UniqueIdentifier>{67DA6AB6-F800-4c08-8B7A-83BB121AAD01}</UniqueIdentifier>
      <Extensions>rc;ico;cur;bmp;dlg;rc2;rct;bin;rgs;gif;jpg;jpeg;jpe;resx;tiff;tif;png;wav;mfcribbon-ms</Extensions>
    </Filter>
    <Filter Include="File di origine\player">
      <UniqueIdentifier>{9d619d2b-7568-4d6a-920b-ac29745e65fb}</UniqueIdentifier>
    </Filter>
    <Filter Include="File di origine\texture">
      <UniqueIdentifier>{b0b8fb80-355a-4274-b5d4-09e8624de6b7}</UniqueIdentifier>
    </Filter>
    <Filter Include="File di origine\world">
      <UniqueIdentifier>{1e8e44fd-7ee0-4f04-9b85-9ba6c68f5f43}</UniqueIdentifier>
    </Filter>
    <Filter Include="File di origine\libraries">
      <UniqueIdentifier>{56d4cd88-2bd0-4c9e-90d8-11c8a02bf61e}</UniqueIdentifier>
    </Filter>
    <Filter Include="File di origine\main">
      <UniqueIdentifier>{ed969a54-00e2-41cd-bfc8-32549ba43dd7}</UniqueIdentifier>
    </Filter>
    <Filter Include="File di origine\camera">
      <UniqueIdentifier>{8d5f6996-5163-4f86-beca-2f461c429810}</UniqueIdentifier>
    </Filter>
    <Filter Include="File di origine\models">
      <UniqueIdentifier>{0ba5efa4-ac58-4505-a436-e74df11ff860}</UniqueIdentifier>
    </Filter>
    <Filter Include="File di origine\chest">
      <UniqueIdentifier>{37c3e4b1-c377-49cf-94b7-0fb60c5275e0}</UniqueIdentifier>
    </Filter>
    <Filter Include="File di origine\collision">
      <UniqueIdentifier>{496d29eb-0ea5-40fe-b15d-8a2454051179}</UniqueIdentifier>
    </Filter>
    <Filter Include="File di origine\models\modelRenderer">
      <UniqueIdentifier>{29390c40-43e6-4cb3-b1fd-e9aba02edf32}</UniqueIdentifier>
    </Filter>
    <Filter Include="File di origine\enemy">
      <UniqueIdentifier>{3bb90eca-f1c9-4775-91c3-e54405293d18}</UniqueIdentifier>
    </Filter>
    <Filter Include="File di origine\animSystem">
      <UniqueIdentifier>{b3cd7455-fd71-4b43-b6d8-17cd9fd8fe7d}</UniqueIdentifier>
    </Filter>
    <Filter Include="File di origine\enemy\mage">
      <UniqueIdentifier>{297f0e3f-4d54-43b4-98d9-0d90d81fcff4}</UniqueIdentifier>
    </Filter>
    <Filter Include="File di origine\enemy\sleketon">
      <UniqueIdentifier>{349c6f4c-6440-4073-99fb-82776ca5471e}</UniqueIdentifier>
    </Filter>
    <Filter Include="File di origine\game">
      <UniqueIdentifier>{2f1659c0-24f7-4cc3-8e2d-47097147db57}</UniqueIdentifier>
    </Filter>
    <Filter Include="File di origine\enemy\astro">
      <UniqueIdentifier>{1654510a-2a20-4061-a45d-8bca919aa47b}</UniqueIdentifier>
    </Filter>
    <Filter Include="shaders">
      <UniqueIdentifier>{1bd92c6b-d9b5-49e0-9061-a05ccaf2fa53}</UniqueIdentifier>
    </Filter>
    <Filter Include="shaders\astroCast">
      <UniqueIdentifier>{dd389a45-a953-41c4-abf2-afb189f1a74c}</UniqueIdentifier>
    </Filter>
    <Filter Include="shaders\mageCast">
      <UniqueIdentifier>{39fe5676-302b-46d1-9e49-eda416b567c2}</UniqueIdentifier>
    </Filter>
    <Filter Include="shaders\aster3d">
      <UniqueIdentifier>{9ab9a4d9-0317-42db-b681-222754e1166c}</UniqueIdentifier>
    </Filter>
    <Filter Include="File di origine\player\shooting">
      <UniqueIdentifier>{ea2deb01-5564-4c50-bd13-fd30b8e8866f}</UniqueIdentifier>
    </Filter>
    <Filter Include="File di origine\player\upgradesUI">
      <UniqueIdentifier>{0e8fbcce-cbe1-481b-a86a-e4cfe49aec5d}</UniqueIdentifier>
    </Filter>
    <Filter Include="shaders\basicShaders">
      <UniqueIdentifier>{8990d3ba-71d1-44b9-944a-bacfc756afbc}</UniqueIdentifier>
    </Filter>
    <Filter Include="File di origine\button">
      <UniqueIdentifier>{acfe3d63-2e9d-483f-82ad-ef5e7f3ac899}</UniqueIdentifier>
    </Filter>
    <Filter Include="shaders\bear">
      <UniqueIdentifier>{2c032ec0-ed2c-41c4-8e50-d4a436628131}</UniqueIdentifier>
    </Filter>
  </ItemGroup>
  <ItemGroup>
    <ClCompile Include="src\player\player.cpp">
      <Filter>File di origine\player</Filter>
    </ClCompile>
    <ClCompile Include="src\spriteTexture\spriteTexture.cpp">
      <Filter>File di origine\texture</Filter>
    </ClCompile>
    <ClCompile Include="src\world\world.cpp">
      <Filter>File di origine\world</Filter>
    </ClCompile>
    <ClCompile Include="src\player\playerInput.cpp">
      <Filter>File di origine\player</Filter>
    </ClCompile>
    <ClCompile Include="src\glad.c">
      <Filter>File di origine\libraries</Filter>
    </ClCompile>
    <ClCompile Include="src\stb\stb_image.cpp">
      <Filter>File di origine\libraries</Filter>
    </ClCompile>
    <ClCompile Include="src\main.cpp">
      <Filter>File di origine\main</Filter>
    </ClCompile>
    <ClCompile Include="src\camera\camera.cpp">
      <Filter>File di origine\camera</Filter>
    </ClCompile>
    <ClCompile Include="src\resourceManager\resourceManager.cpp">
      <Filter>File di origine</Filter>
    </ClCompile>
    <ClCompile Include="src\spriteRenderer\spriteRenderer.cpp">
      <Filter>File di origine</Filter>
    </ClCompile>
    <ClCompile Include="src\chest\chest.cpp">
      <Filter>File di origine\chest</Filter>
    </ClCompile>
    <ClCompile Include="src\collision\collision.cpp">
      <Filter>File di origine\collision</Filter>
    </ClCompile>
    <ClCompile Include="src\textRenderer\textRenderer.cpp">
      <Filter>File di origine</Filter>
    </ClCompile>
    <ClCompile Include="src\timer\timer.cpp">
      <Filter>File di origine</Filter>
    </ClCompile>
    <ClCompile Include="src\modelRenderer\modelRenderer.cpp">
      <Filter>File di origine\models\modelRenderer</Filter>
    </ClCompile>
    <ClCompile Include="src\camera\camera3D.cpp">
      <Filter>File di origine\camera</Filter>
    </ClCompile>
    <ClCompile Include="src\models\modelHelper.cpp">
      <Filter>File di origine\models</Filter>
    </ClCompile>
    <ClCompile Include="src\enemy\enemy.cpp">
      <Filter>File di origine\enemy</Filter>
    </ClCompile>
    <ClCompile Include="src\figureRenderer\figureRenderer.cpp">
      <Filter>File di origine</Filter>
    </ClCompile>
    <ClCompile Include="src\enemy\MageEnemy.cpp">
      <Filter>File di origine\enemy\mage</Filter>
    </ClCompile>
    <ClCompile Include="src\enemy\SkeletonEnemy.cpp">
      <Filter>File di origine\enemy\sleketon</Filter>
    </ClCompile>
    <ClCompile Include="src\enemy\mageBullet\mageCast.cpp">
      <Filter>File di origine\enemy\mage</Filter>
    </ClCompile>
    <ClCompile Include="src\game\game.cpp">
      <Filter>File di origine\game</Filter>
    </ClCompile>
    <ClCompile Include="src\enemy\astroEnemy.cpp">
      <Filter>File di origine\enemy\astro</Filter>
    </ClCompile>
    <ClCompile Include="src\player\shooting\bullet.cpp">
      <Filter>File di origine\player\shooting</Filter>
    </ClCompile>
    <ClCompile Include="src\player\upgradeUI\upgrades.cpp">
      <Filter>File di origine\player\upgradesUI</Filter>
    </ClCompile>
    <ClCompile Include="src\button\button.cpp">
      <Filter>File di origine</Filter>
    </ClCompile>
  </ItemGroup>
  <ItemGroup>
    <ClInclude Include="include\glad\glad.h">
      <Filter>File di intestazione</Filter>
    </ClInclude>
    <ClInclude Include="include\GLFW\glfw3.h">
      <Filter>File di intestazione</Filter>
    </ClInclude>
    <ClInclude Include="include\GLFW\glfw3native.h">
      <Filter>File di intestazione</Filter>
    </ClInclude>
    <ClInclude Include="include\KHR\khrplatform.h">
      <Filter>File di intestazione</Filter>
    </ClInclude>
    <ClInclude Include="resource.h">
      <Filter>File di intestazione</Filter>
    </ClInclude>
    <ClInclude Include="src\shader\shader.h">
      <Filter>File di intestazione</Filter>
    </ClInclude>
    <ClInclude Include="src\stb\stb_image.h">
      <Filter>File di intestazione</Filter>
    </ClInclude>
    <ClInclude Include="src\player\player.h">
      <Filter>File di origine\player</Filter>
    </ClInclude>
    <ClInclude Include="src\spriteTexture\spriteTexture.h">
      <Filter>File di origine\texture</Filter>
    </ClInclude>
    <ClInclude Include="src\world\world.h">
      <Filter>File di origine\world</Filter>
    </ClInclude>
    <ClInclude Include="src\player\playerInput.h">
      <Filter>File di origine\player</Filter>
    </ClInclude>
    <ClInclude Include="src\camera\camera.h">
      <Filter>File di origine\camera</Filter>
    </ClInclude>
    <ClInclude Include="src\resourceManager\resourceManager.h">
      <Filter>File di intestazione</Filter>
    </ClInclude>
    <ClInclude Include="src\spriteRenderer\spriteRenderer.h">
      <Filter>File di intestazione</Filter>
    </ClInclude>
    <ClInclude Include="src\chest\chest.h">
      <Filter>File di origine\chest</Filter>
    </ClInclude>
    <ClInclude Include="src\collision\collision.h">
      <Filter>File di origine\collision</Filter>
    </ClInclude>
    <ClInclude Include="src\models\chest.h">
      <Filter>File di intestazione</Filter>
    </ClInclude>
    <ClInclude Include="src\textRenderer\textRenderer.h">
      <Filter>File di intestazione</Filter>
    </ClInclude>
    <ClInclude Include="src\timer\timer.h">
      <Filter>File di intestazione</Filter>
    </ClInclude>
    <ClInclude Include="src\models\mesh.h">
      <Filter>File di origine\models</Filter>
    </ClInclude>
    <ClInclude Include="src\models\model.h">
      <Filter>File di origine\models</Filter>
    </ClInclude>
    <ClInclude Include="src\modelRenderer\modelRenderer.h">
      <Filter>File di origine\models\modelRenderer</Filter>
    </ClInclude>
    <ClInclude Include="src\camera\camera3D.h">
      <Filter>File di origine\camera</Filter>
    </ClInclude>
    <ClInclude Include="src\models\modelHelper.h">
      <Filter>File di origine\models</Filter>
    </ClInclude>
    <ClInclude Include="src\enemy\enemy.h">
      <Filter>File di origine\enemy</Filter>
    </ClInclude>
    <ClInclude Include="src\figureRenderer\figureRenderer.h">
      <Filter>File di intestazione</Filter>
    </ClInclude>
    <ClInclude Include="src\animSystem\animSystem.h">
      <Filter>File di origine\animSystem</Filter>
    </ClInclude>
    <ClInclude Include="src\entity.h">
      <Filter>File di intestazione</Filter>
    </ClInclude>
    <ClInclude Include="src\enemy\MageEnemy.h">
      <Filter>File di origine\enemy\mage</Filter>
    </ClInclude>
    <ClInclude Include="src\enemy\SkeletonEnemy.h">
      <Filter>File di origine\enemy\sleketon</Filter>
    </ClInclude>
    <ClInclude Include="src\enemy\mageBullet\mageCast.h">
      <Filter>File di origine\enemy\mage</Filter>
    </ClInclude>
    <ClInclude Include="src\game\game.h">
      <Filter>File di origine\game</Filter>
    </ClInclude>
    <ClInclude Include="src\enemy\astroEnemy.h">
      <Filter>File di origine\enemy\astro</Filter>
    </ClInclude>
    <ClInclude Include="src\player\shooting\bullet.h">
      <Filter>File di origine\player\shooting</Filter>
    </ClInclude>
    <ClInclude Include="src\player\upgradeUI\upgrades.h">
      <Filter>File di origine\player\upgradesUI</Filter>
    </ClInclude>
    <ClInclude Include="src\button\button.h">
      <Filter>File di intestazione</Filter>
    </ClInclude>
    <ClInclude Include="src\game\globals.h">
      <Filter>File di origine\game</Filter>
    </ClInclude>
  </ItemGroup>
  <ItemGroup>
    <ResourceCompile Include="CG Project.rc">
      <Filter>File di risorse</Filter>
    </ResourceCompile>
  </ItemGroup>
  <ItemGroup>
    <None Include="src\glsl\spriteFragShader.glsl" />
    <None Include="src\glsl\spriteVertexShader.glsl" />
    <None Include="src\glsl\textFragShader.glsl" />
    <None Include="src\glsl\textVertexShader.glsl" />
    <None Include="src\glsl\modelFragShader.glsl" />
    <None Include="src\glsl\modelVertexShader.glsl" />
    <None Include="shaders\rect\rectFrag.glsl" />
    <None Include="shaders\rect\rectVert.glsl" />
    <None Include="shaders\astroCast\astroFrag.glsl">
      <Filter>shaders\astroCast</Filter>
    </None>
    <None Include="shaders\astroCast\astroVert.glsl">
      <Filter>shaders\astroCast</Filter>
    </None>
    <None Include="shaders\cast\castFrag.glsl">
      <Filter>shaders\mageCast</Filter>
    </None>
    <None Include="shaders\cast\castVert.glsl">
      <Filter>shaders\mageCast</Filter>
    </None>
    <None Include="shaders\astroCast\astroShadowFrag.glsl">
      <Filter>shaders\astroCast</Filter>
    </None>
    <None Include="shaders\astroCast\astroShadowVert.glsl">
      <Filter>shaders\astroCast</Filter>
    </None>
    <None Include="shaders\asteroid3d\ast3dFrag.glsl">
      <Filter>shaders\aster3d</Filter>
    </None>
    <None Include="shaders\asteroid3d\ast3dVertex.glsl">
      <Filter>shaders\aster3d</Filter>
    </None>
    <None Include="shaders\bear_shader\bearFragShader.glsl">
      <Filter>shaders\bear</Filter>
    </None>
    <None Include="shaders\bear_shader\bearVertexShader.glsl">
      <Filter>shaders\bear</Filter>
    </None>
  </ItemGroup>
</Project>