<?xml version="1.0" encoding="utf-8"?>
<Project ToolsVersion="4.0" xmlns="http://schemas.microsoft.com/developer/msbuild/2003">
  <ItemGroup>
    <Filter Include="File di origine">
      <UniqueIdentifier>{4FC737F1-C7A5-4376-A066-2A32D752A2FF}</UniqueIdentifier>
      <Extensions>cpp;c;cc;cxx;c++;cppm;ixx;def;odl;idl;hpj;bat;asm;asmx</Extensions>
    </Filter>
    <Filter Include="File di intestazione">
      <UniqueIdentifier>{93995380-89BD-4b04-88EB-625FBE52EBFB}</UniqueIdentifier>
      <Extensions>h;hh;hpp;hxx;h++;hm;inl;inc;ipp;xsd</Extensions>
    </Filter>
    <Filter Include="File di risorse">
      <UniqueIdentifier>{67DA6AB6-F800-4c08-8B7A-83BB121AAD01}</UniqueIdentifier>
      <Extensions>rc;ico;cur;bmp;dlg;rc2;rct;bin;rgs;gif;jpg;jpeg;jpe;resx;tiff;tif;png;wav;mfcribbon-ms</Extensions>
    </Filter>
    <Filter Include="File di origine\player">
      <UniqueIdentifier>{9d619d2b-7568-4d6a-920b-ac29745e65fb}</UniqueIdentifier>
    </Filter>
    <Filter Include="File di origine\texture">
      <UniqueIdentifier>{b0b8fb80-355a-4274-b5d4-09e8624de6b7}</UniqueIdentifier>
    </Filter>
    <Filter Include="File di origine\world">
      <UniqueIdentifier>{1e8e44fd-7ee0-4f04-9b85-9ba6c68f5f43}</UniqueIdentifier>
    </Filter>
    <Filter Include="File di origine\libraries">
      <UniqueIdentifier>{56d4cd88-2bd0-4c9e-90d8-11c8a02bf61e}</UniqueIdentifier>
    </Filter>
    <Filter Include="File di origine\main">
      <UniqueIdentifier>{ed969a54-00e2-41cd-bfc8-32549ba43dd7}</UniqueIdentifier>
    </Filter>
    <Filter Include="File di origine\camera">
      <UniqueIdentifier>{8d5f6996-5163-4f86-beca-2f461c429810}</UniqueIdentifier>
    </Filter>
    <Filter Include="File di origine\models">
      <UniqueIdentifier>{0ba5efa4-ac58-4505-a436-e74df11ff860}</UniqueIdentifier>
    </Filter>
    <Filter Include="File di origine\chest">
      <UniqueIdentifier>{37c3e4b1-c377-49cf-94b7-0fb60c5275e0}</UniqueIdentifier>
    </Filter>
    <Filter Include="File di origine\collision">
      <UniqueIdentifier>{496d29eb-0ea5-40fe-b15d-8a2454051179}</UniqueIdentifier>
    </Filter>
  </ItemGroup>
  <ItemGroup>
    <ClCompile Include="src\player\player.cpp">
      <Filter>File di origine\player</Filter>
    </ClCompile>
    <ClCompile Include="src\spriteTexture\spriteTexture.cpp">
      <Filter>File di origine\texture</Filter>
    </ClCompile>
    <ClCompile Include="src\world\world.cpp">
      <Filter>File di origine\world</Filter>
    </ClCompile>
    <ClCompile Include="src\player\playerInput.cpp">
      <Filter>File di origine\player</Filter>
    </ClCompile>
    <ClCompile Include="src\glad.c">
      <Filter>File di origine\libraries</Filter>
    </ClCompile>
    <ClCompile Include="src\stb\stb_image.cpp">
      <Filter>File di origine\libraries</Filter>
    </ClCompile>
    <ClCompile Include="src\main.cpp">
      <Filter>File di origine\main</Filter>
    </ClCompile>
    <ClCompile Include="src\camera\camera.cpp">
      <Filter>File di origine\camera</Filter>
    </ClCompile>
    <ClCompile Include="src\resourceManager\resourceManager.cpp">
      <Filter>File di origine</Filter>
    </ClCompile>
    <ClCompile Include="src\spriteRenderer\spriteRenderer.cpp">
      <Filter>File di origine</Filter>
    </ClCompile>
    <ClCompile Include="src\chest\chest.cpp">
      <Filter>File di origine\chest</Filter>
    </ClCompile>
    <ClCompile Include="src\collision\collision.cpp">
      <Filter>File di origine\collision</Filter>
    </ClCompile>
    <ClCompile Include="src\textRenderer\textRenderer.cpp">
      <Filter>File di origine</Filter>
    </ClCompile>
    <ClCompile Include="src\timer\timer.cpp">
      <Filter>File di origine</Filter>
    </ClCompile>
  </ItemGroup>
  <ItemGroup>
    <ClInclude Include="include\glad\glad.h">
      <Filter>File di intestazione</Filter>
    </ClInclude>
    <ClInclude Include="include\GLFW\glfw3.h">
      <Filter>File di intestazione</Filter>
    </ClInclude>
    <ClInclude Include="include\GLFW\glfw3native.h">
      <Filter>File di intestazione</Filter>
    </ClInclude>
    <ClInclude Include="include\KHR\khrplatform.h">
      <Filter>File di intestazione</Filter>
    </ClInclude>
    <ClInclude Include="resource.h">
      <Filter>File di intestazione</Filter>
    </ClInclude>
    <ClInclude Include="src\shader\shader.h">
      <Filter>File di intestazione</Filter>
    </ClInclude>
    <ClInclude Include="src\stb\stb_image.h">
      <Filter>File di intestazione</Filter>
    </ClInclude>
    <ClInclude Include="src\player\player.h">
      <Filter>File di origine\player</Filter>
    </ClInclude>
    <ClInclude Include="src\spriteTexture\spriteTexture.h">
      <Filter>File di origine\texture</Filter>
    </ClInclude>
    <ClInclude Include="src\world\world.h">
      <Filter>File di origine\world</Filter>
    </ClInclude>
    <ClInclude Include="src\player\playerInput.h">
      <Filter>File di origine\player</Filter>
    </ClInclude>
    <ClInclude Include="src\camera\camera.h">
      <Filter>File di origine\camera</Filter>
    </ClInclude>
    <ClInclude Include="src\resourceManager\resourceManager.h">
      <Filter>File di intestazione</Filter>
    </ClInclude>
    <ClInclude Include="src\spriteRenderer\spriteRenderer.h">
      <Filter>File di intestazione</Filter>
    </ClInclude>
    <ClInclude Include="src\chest\chest.h">
      <Filter>File di origine\chest</Filter>
    </ClInclude>
    <ClInclude Include="src\collision\collision.h">
      <Filter>File di origine\collision</Filter>
    </ClInclude>
    <ClInclude Include="src\models\chest.h">
      <Filter>File di intestazione</Filter>
    </ClInclude>
    <ClInclude Include="src\textRenderer\textRenderer.h">
      <Filter>File di intestazione</Filter>
    </ClInclude>
    <ClInclude Include="src\timer\timer.h">
      <Filter>File di intestazione</Filter>
    </ClInclude>
  </ItemGroup>
  <ItemGroup>
    <ResourceCompile Include="CG Project.rc">
      <Filter>File di risorse</Filter>
    </ResourceCompile>
  </ItemGroup>
  <ItemGroup>
    <None Include="src\glsl\spriteFragShader.glsl" />
    <None Include="src\glsl\spriteVertexShader.glsl" />
    <None Include="src\glsl\textFragShader.glsl" />
    <None Include="src\glsl\textVertexShader.glsl" />
  </ItemGroup>
</Project>